// !$*UTF8*$!
{
	archiveVersion = 1;
	classes = {
	};
	objectVersion = 50;
	objects = {

/* Begin PBXBuildFile section */
		A53B67D421A88C4300BEFED8 /* String+Extensions.swift in Sources */ = {isa = PBXBuildFile; fileRef = A53B67D221A88C4300BEFED8 /* String+Extensions.swift */; };
		A53B67D521A88C4300BEFED8 /* Date+Extensions.swift in Sources */ = {isa = PBXBuildFile; fileRef = A53B67D321A88C4300BEFED8 /* Date+Extensions.swift */; };
		A5501EF821A8938400E9C3D2 /* TableViewCell.swift in Sources */ = {isa = PBXBuildFile; fileRef = A5501EF721A8938400E9C3D2 /* TableViewCell.swift */; };
		A5501EFA21A8C63300E9C3D2 /* MapModel.xcmappingmodel in Sources */ = {isa = PBXBuildFile; fileRef = A5501EF921A8C63300E9C3D2 /* MapModel.xcmappingmodel */; };
		A5501EFC21A95BD200E9C3D2 /* NSObject+Extensions.swift in Sources */ = {isa = PBXBuildFile; fileRef = A5501EFB21A95BD200E9C3D2 /* NSObject+Extensions.swift */; };
		A595C57221A594FE009AFFB9 /* AppDelegate.swift in Sources */ = {isa = PBXBuildFile; fileRef = A595C57121A594FE009AFFB9 /* AppDelegate.swift */; };
		A595C57421A594FE009AFFB9 /* ViewController.swift in Sources */ = {isa = PBXBuildFile; fileRef = A595C57321A594FE009AFFB9 /* ViewController.swift */; };
		A595C57721A594FE009AFFB9 /* Main.storyboard in Resources */ = {isa = PBXBuildFile; fileRef = A595C57521A594FE009AFFB9 /* Main.storyboard */; };
		A595C57C21A594FF009AFFB9 /* Assets.xcassets in Resources */ = {isa = PBXBuildFile; fileRef = A595C57B21A594FF009AFFB9 /* Assets.xcassets */; };
		A595C57F21A594FF009AFFB9 /* LaunchScreen.storyboard in Resources */ = {isa = PBXBuildFile; fileRef = A595C57D21A594FF009AFFB9 /* LaunchScreen.storyboard */; };
		A595C58721A5953D009AFFB9 /* CoreDataManager.swift in Sources */ = {isa = PBXBuildFile; fileRef = A595C58621A5953D009AFFB9 /* CoreDataManager.swift */; };
		C5B8077624813CAC003783EF /* NSManagedObject+Extensions.swift in Sources */ = {isa = PBXBuildFile; fileRef = C5B8077524813CAC003783EF /* NSManagedObject+Extensions.swift */; };
		C5DB884A252F4E9900E65EAC /* CoreDataModel.xcdatamodeld in Sources */ = {isa = PBXBuildFile; fileRef = A595C5AB21A59BF0009AFFB9 /* CoreDataModel.xcdatamodeld */; };
/* End PBXBuildFile section */

/* Begin PBXFileReference section */
		A53B67C421A852F800BEFED8 /* CoreDataModelV2.xcdatamodel */ = {isa = PBXFileReference; lastKnownFileType = wrapper.xcdatamodel; path = CoreDataModelV2.xcdatamodel; sourceTree = "<group>"; };
		A53B67D221A88C4300BEFED8 /* String+Extensions.swift */ = {isa = PBXFileReference; fileEncoding = 4; lastKnownFileType = sourcecode.swift; path = "String+Extensions.swift"; sourceTree = "<group>"; };
		A53B67D321A88C4300BEFED8 /* Date+Extensions.swift */ = {isa = PBXFileReference; fileEncoding = 4; lastKnownFileType = sourcecode.swift; path = "Date+Extensions.swift"; sourceTree = "<group>"; };
		A5501EF721A8938400E9C3D2 /* TableViewCell.swift */ = {isa = PBXFileReference; lastKnownFileType = sourcecode.swift; path = TableViewCell.swift; sourceTree = "<group>"; };
		A5501EF921A8C63300E9C3D2 /* MapModel.xcmappingmodel */ = {isa = PBXFileReference; lastKnownFileType = wrapper.xcmappingmodel; path = MapModel.xcmappingmodel; sourceTree = "<group>"; };
		A5501EFB21A95BD200E9C3D2 /* NSObject+Extensions.swift */ = {isa = PBXFileReference; fileEncoding = 4; lastKnownFileType = sourcecode.swift; path = "NSObject+Extensions.swift"; sourceTree = "<group>"; };
		A595C56E21A594FE009AFFB9 /* CoreDataManager.app */ = {isa = PBXFileReference; explicitFileType = wrapper.application; includeInIndex = 0; path = CoreDataManager.app; sourceTree = BUILT_PRODUCTS_DIR; };
		A595C57121A594FE009AFFB9 /* AppDelegate.swift */ = {isa = PBXFileReference; lastKnownFileType = sourcecode.swift; path = AppDelegate.swift; sourceTree = "<group>"; };
		A595C57321A594FE009AFFB9 /* ViewController.swift */ = {isa = PBXFileReference; lastKnownFileType = sourcecode.swift; path = ViewController.swift; sourceTree = "<group>"; };
		A595C57621A594FE009AFFB9 /* Base */ = {isa = PBXFileReference; lastKnownFileType = file.storyboard; name = Base; path = Base.lproj/Main.storyboard; sourceTree = "<group>"; };
		A595C57B21A594FF009AFFB9 /* Assets.xcassets */ = {isa = PBXFileReference; lastKnownFileType = folder.assetcatalog; path = Assets.xcassets; sourceTree = "<group>"; };
		A595C57E21A594FF009AFFB9 /* Base */ = {isa = PBXFileReference; lastKnownFileType = file.storyboard; name = Base; path = Base.lproj/LaunchScreen.storyboard; sourceTree = "<group>"; };
		A595C58621A5953D009AFFB9 /* CoreDataManager.swift */ = {isa = PBXFileReference; lastKnownFileType = sourcecode.swift; path = CoreDataManager.swift; sourceTree = "<group>"; };
		A595C5AC21A59BF0009AFFB9 /* CoreDataModel.xcdatamodel */ = {isa = PBXFileReference; lastKnownFileType = wrapper.xcdatamodel; path = CoreDataModel.xcdatamodel; sourceTree = "<group>"; };
		A5DF1A1E21A6D3CC002F748F /* CoreDataManager.entitlements */ = {isa = PBXFileReference; lastKnownFileType = text.plist.entitlements; path = CoreDataManager.entitlements; sourceTree = "<group>"; };
		C58B73D3247EB74600D16AD8 /* Info.plist */ = {isa = PBXFileReference; fileEncoding = 4; lastKnownFileType = text.plist.xml; path = Info.plist; sourceTree = "<group>"; };
		C5B8077524813CAC003783EF /* NSManagedObject+Extensions.swift */ = {isa = PBXFileReference; lastKnownFileType = sourcecode.swift; path = "NSManagedObject+Extensions.swift"; sourceTree = "<group>"; };
/* End PBXFileReference section */

/* Begin PBXFrameworksBuildPhase section */
		A595C56B21A594FE009AFFB9 /* Frameworks */ = {
			isa = PBXFrameworksBuildPhase;
			buildActionMask = 2147483647;
			files = (
			);
			runOnlyForDeploymentPostprocessing = 0;
		};
/* End PBXFrameworksBuildPhase section */

/* Begin PBXGroup section */
		A53B67D121A88B5E00BEFED8 /* Extensions */ = {
			isa = PBXGroup;
			children = (
				A5501EFB21A95BD200E9C3D2 /* NSObject+Extensions.swift */,
				A53B67D321A88C4300BEFED8 /* Date+Extensions.swift */,
				A53B67D221A88C4300BEFED8 /* String+Extensions.swift */,
			);
			path = Extensions;
			sourceTree = "<group>";
		};
		A591D93A21A6162D00EDA604 /* App */ = {
			isa = PBXGroup;
			children = (
				C58B73D3247EB74600D16AD8 /* Info.plist */,
				A595C57B21A594FF009AFFB9 /* Assets.xcassets */,
				A595C57D21A594FF009AFFB9 /* LaunchScreen.storyboard */,
				A595C57121A594FE009AFFB9 /* AppDelegate.swift */,
			);
			path = App;
			sourceTree = "<group>";
		};
		A595C56521A594FE009AFFB9 = {
			isa = PBXGroup;
			children = (
				A53B67D121A88B5E00BEFED8 /* Extensions */,
				A591D93A21A6162D00EDA604 /* App */,
				A595C5B421A5CB27009AFFB9 /* UI */,
				A595C57021A594FE009AFFB9 /* CoreData */,
				A595C56F21A594FE009AFFB9 /* Products */,
			);
			sourceTree = "<group>";
		};
		A595C56F21A594FE009AFFB9 /* Products */ = {
			isa = PBXGroup;
			children = (
				A595C56E21A594FE009AFFB9 /* CoreDataManager.app */,
			);
			name = Products;
			sourceTree = "<group>";
		};
		A595C57021A594FE009AFFB9 /* CoreData */ = {
			isa = PBXGroup;
			children = (
				A5DF1A1E21A6D3CC002F748F /* CoreDataManager.entitlements */,
				A595C58621A5953D009AFFB9 /* CoreDataManager.swift */,
				A595C5AB21A59BF0009AFFB9 /* CoreDataModel.xcdatamodeld */,
				A5501EF921A8C63300E9C3D2 /* MapModel.xcmappingmodel */,
				C5B8077524813CAC003783EF /* NSManagedObject+Extensions.swift */,
			);
			path = CoreData;
			sourceTree = "<group>";
		};
		A595C5B421A5CB27009AFFB9 /* UI */ = {
			isa = PBXGroup;
			children = (
				A595C57521A594FE009AFFB9 /* Main.storyboard */,
				A595C57321A594FE009AFFB9 /* ViewController.swift */,
				A5501EF721A8938400E9C3D2 /* TableViewCell.swift */,
			);
			path = UI;
			sourceTree = "<group>";
		};
/* End PBXGroup section */

/* Begin PBXNativeTarget section */
		A595C56D21A594FE009AFFB9 /* CoreDataManager */ = {
			isa = PBXNativeTarget;
			buildConfigurationList = A595C58321A594FF009AFFB9 /* Build configuration list for PBXNativeTarget "CoreDataManager" */;
			buildPhases = (
				A595C56A21A594FE009AFFB9 /* Sources */,
				A595C56B21A594FE009AFFB9 /* Frameworks */,
				A595C56C21A594FE009AFFB9 /* Resources */,
			);
			buildRules = (
			);
			dependencies = (
			);
			name = CoreDataManager;
			productName = CoreDataMnager;
			productReference = A595C56E21A594FE009AFFB9 /* CoreDataManager.app */;
			productType = "com.apple.product-type.application";
		};
/* End PBXNativeTarget section */

/* Begin PBXProject section */
		A595C56621A594FE009AFFB9 /* Project object */ = {
			isa = PBXProject;
			attributes = {
				LastSwiftUpdateCheck = 1010;
				LastUpgradeCheck = 1220;
				ORGANIZATIONNAME = sblinov.com;
				TargetAttributes = {
					A595C56D21A594FE009AFFB9 = {
						CreatedOnToolsVersion = 10.1;
						SystemCapabilities = {
							com.apple.DataProtection = {
								enabled = 1;
							};
						};
					};
				};
			};
			buildConfigurationList = A595C56921A594FE009AFFB9 /* Build configuration list for PBXProject "CoreDataManager" */;
			compatibilityVersion = "Xcode 9.3";
			developmentRegion = en;
			hasScannedForEncodings = 0;
			knownRegions = (
				en,
				Base,
			);
			mainGroup = A595C56521A594FE009AFFB9;
			productRefGroup = A595C56F21A594FE009AFFB9 /* Products */;
			projectDirPath = "";
			projectRoot = "";
			targets = (
				A595C56D21A594FE009AFFB9 /* CoreDataManager */,
			);
		};
/* End PBXProject section */

/* Begin PBXResourcesBuildPhase section */
		A595C56C21A594FE009AFFB9 /* Resources */ = {
			isa = PBXResourcesBuildPhase;
			buildActionMask = 2147483647;
			files = (
				A595C57F21A594FF009AFFB9 /* LaunchScreen.storyboard in Resources */,
				A595C57C21A594FF009AFFB9 /* Assets.xcassets in Resources */,
				A595C57721A594FE009AFFB9 /* Main.storyboard in Resources */,
			);
			runOnlyForDeploymentPostprocessing = 0;
		};
/* End PBXResourcesBuildPhase section */

/* Begin PBXSourcesBuildPhase section */
		A595C56A21A594FE009AFFB9 /* Sources */ = {
			isa = PBXSourcesBuildPhase;
			buildActionMask = 2147483647;
			files = (
				A5501EFA21A8C63300E9C3D2 /* MapModel.xcmappingmodel in Sources */,
				A53B67D421A88C4300BEFED8 /* String+Extensions.swift in Sources */,
				C5DB884A252F4E9900E65EAC /* CoreDataModel.xcdatamodeld in Sources */,
				A53B67D521A88C4300BEFED8 /* Date+Extensions.swift in Sources */,
				A595C57421A594FE009AFFB9 /* ViewController.swift in Sources */,
				A595C57221A594FE009AFFB9 /* AppDelegate.swift in Sources */,
				C5B8077624813CAC003783EF /* NSManagedObject+Extensions.swift in Sources */,
				A5501EF821A8938400E9C3D2 /* TableViewCell.swift in Sources */,
				A595C58721A5953D009AFFB9 /* CoreDataManager.swift in Sources */,
				A5501EFC21A95BD200E9C3D2 /* NSObject+Extensions.swift in Sources */,
			);
			runOnlyForDeploymentPostprocessing = 0;
		};
/* End PBXSourcesBuildPhase section */

/* Begin PBXVariantGroup section */
		A595C57521A594FE009AFFB9 /* Main.storyboard */ = {
			isa = PBXVariantGroup;
			children = (
				A595C57621A594FE009AFFB9 /* Base */,
			);
			name = Main.storyboard;
			sourceTree = "<group>";
		};
		A595C57D21A594FF009AFFB9 /* LaunchScreen.storyboard */ = {
			isa = PBXVariantGroup;
			children = (
				A595C57E21A594FF009AFFB9 /* Base */,
			);
			name = LaunchScreen.storyboard;
			sourceTree = "<group>";
		};
/* End PBXVariantGroup section */

/* Begin XCBuildConfiguration section */
		A595C58121A594FF009AFFB9 /* Debug */ = {
			isa = XCBuildConfiguration;
			buildSettings = {
				ALWAYS_SEARCH_USER_PATHS = NO;
				CLANG_ANALYZER_NONNULL = YES;
				CLANG_ANALYZER_NUMBER_OBJECT_CONVERSION = YES_AGGRESSIVE;
				CLANG_CXX_LANGUAGE_STANDARD = "gnu++14";
				CLANG_CXX_LIBRARY = "libc++";
				CLANG_ENABLE_MODULES = YES;
				CLANG_ENABLE_OBJC_ARC = YES;
				CLANG_ENABLE_OBJC_WEAK = YES;
				CLANG_WARN_BLOCK_CAPTURE_AUTORELEASING = YES;
				CLANG_WARN_BOOL_CONVERSION = YES;
				CLANG_WARN_COMMA = YES;
				CLANG_WARN_CONSTANT_CONVERSION = YES;
				CLANG_WARN_DEPRECATED_OBJC_IMPLEMENTATIONS = YES;
				CLANG_WARN_DIRECT_OBJC_ISA_USAGE = YES_ERROR;
				CLANG_WARN_DOCUMENTATION_COMMENTS = YES;
				CLANG_WARN_EMPTY_BODY = YES;
				CLANG_WARN_ENUM_CONVERSION = YES;
				CLANG_WARN_INFINITE_RECURSION = YES;
				CLANG_WARN_INT_CONVERSION = YES;
				CLANG_WARN_NON_LITERAL_NULL_CONVERSION = YES;
				CLANG_WARN_OBJC_IMPLICIT_RETAIN_SELF = YES;
				CLANG_WARN_OBJC_LITERAL_CONVERSION = YES;
				CLANG_WARN_OBJC_ROOT_CLASS = YES_ERROR;
				CLANG_WARN_QUOTED_INCLUDE_IN_FRAMEWORK_HEADER = YES;
				CLANG_WARN_RANGE_LOOP_ANALYSIS = YES;
				CLANG_WARN_STRICT_PROTOTYPES = YES;
				CLANG_WARN_SUSPICIOUS_MOVE = YES;
				CLANG_WARN_UNGUARDED_AVAILABILITY = YES_AGGRESSIVE;
				CLANG_WARN_UNREACHABLE_CODE = YES;
				CLANG_WARN__DUPLICATE_METHOD_MATCH = YES;
				CODE_SIGN_IDENTITY = "iPhone Developer";
				COPY_PHASE_STRIP = NO;
				DEBUG_INFORMATION_FORMAT = dwarf;
				ENABLE_STRICT_OBJC_MSGSEND = YES;
				ENABLE_TESTABILITY = YES;
				GCC_C_LANGUAGE_STANDARD = gnu11;
				GCC_DYNAMIC_NO_PIC = NO;
				GCC_NO_COMMON_BLOCKS = YES;
				GCC_OPTIMIZATION_LEVEL = 0;
				GCC_PREPROCESSOR_DEFINITIONS = (
					"DEBUG=1",
					"$(inherited)",
				);
				GCC_WARN_64_TO_32_BIT_CONVERSION = YES;
				GCC_WARN_ABOUT_RETURN_TYPE = YES_ERROR;
				GCC_WARN_UNDECLARED_SELECTOR = YES;
				GCC_WARN_UNINITIALIZED_AUTOS = YES_AGGRESSIVE;
				GCC_WARN_UNUSED_FUNCTION = YES;
				GCC_WARN_UNUSED_VARIABLE = YES;
				IPHONEOS_DEPLOYMENT_TARGET = 12.1;
				MTL_ENABLE_DEBUG_INFO = INCLUDE_SOURCE;
				MTL_FAST_MATH = YES;
				ONLY_ACTIVE_ARCH = YES;
				SDKROOT = iphoneos;
				SWIFT_ACTIVE_COMPILATION_CONDITIONS = DEBUG;
				SWIFT_OPTIMIZATION_LEVEL = "-Onone";
			};
			name = Debug;
		};
		A595C58221A594FF009AFFB9 /* Release */ = {
			isa = XCBuildConfiguration;
			buildSettings = {
				ALWAYS_SEARCH_USER_PATHS = NO;
				CLANG_ANALYZER_NONNULL = YES;
				CLANG_ANALYZER_NUMBER_OBJECT_CONVERSION = YES_AGGRESSIVE;
				CLANG_CXX_LANGUAGE_STANDARD = "gnu++14";
				CLANG_CXX_LIBRARY = "libc++";
				CLANG_ENABLE_MODULES = YES;
				CLANG_ENABLE_OBJC_ARC = YES;
				CLANG_ENABLE_OBJC_WEAK = YES;
				CLANG_WARN_BLOCK_CAPTURE_AUTORELEASING = YES;
				CLANG_WARN_BOOL_CONVERSION = YES;
				CLANG_WARN_COMMA = YES;
				CLANG_WARN_CONSTANT_CONVERSION = YES;
				CLANG_WARN_DEPRECATED_OBJC_IMPLEMENTATIONS = YES;
				CLANG_WARN_DIRECT_OBJC_ISA_USAGE = YES_ERROR;
				CLANG_WARN_DOCUMENTATION_COMMENTS = YES;
				CLANG_WARN_EMPTY_BODY = YES;
				CLANG_WARN_ENUM_CONVERSION = YES;
				CLANG_WARN_INFINITE_RECURSION = YES;
				CLANG_WARN_INT_CONVERSION = YES;
				CLANG_WARN_NON_LITERAL_NULL_CONVERSION = YES;
				CLANG_WARN_OBJC_IMPLICIT_RETAIN_SELF = YES;
				CLANG_WARN_OBJC_LITERAL_CONVERSION = YES;
				CLANG_WARN_OBJC_ROOT_CLASS = YES_ERROR;
				CLANG_WARN_QUOTED_INCLUDE_IN_FRAMEWORK_HEADER = YES;
				CLANG_WARN_RANGE_LOOP_ANALYSIS = YES;
				CLANG_WARN_STRICT_PROTOTYPES = YES;
				CLANG_WARN_SUSPICIOUS_MOVE = YES;
				CLANG_WARN_UNGUARDED_AVAILABILITY = YES_AGGRESSIVE;
				CLANG_WARN_UNREACHABLE_CODE = YES;
				CLANG_WARN__DUPLICATE_METHOD_MATCH = YES;
				CODE_SIGN_IDENTITY = "iPhone Developer";
				COPY_PHASE_STRIP = NO;
				DEBUG_INFORMATION_FORMAT = "dwarf-with-dsym";
				ENABLE_NS_ASSERTIONS = NO;
				ENABLE_STRICT_OBJC_MSGSEND = YES;
				GCC_C_LANGUAGE_STANDARD = gnu11;
				GCC_NO_COMMON_BLOCKS = YES;
				GCC_WARN_64_TO_32_BIT_CONVERSION = YES;
				GCC_WARN_ABOUT_RETURN_TYPE = YES_ERROR;
				GCC_WARN_UNDECLARED_SELECTOR = YES;
				GCC_WARN_UNINITIALIZED_AUTOS = YES_AGGRESSIVE;
				GCC_WARN_UNUSED_FUNCTION = YES;
				GCC_WARN_UNUSED_VARIABLE = YES;
				IPHONEOS_DEPLOYMENT_TARGET = 12.1;
				MTL_ENABLE_DEBUG_INFO = NO;
				MTL_FAST_MATH = YES;
				SDKROOT = iphoneos;
				SWIFT_COMPILATION_MODE = wholemodule;
				SWIFT_OPTIMIZATION_LEVEL = "-O";
				VALIDATE_PRODUCT = YES;
			};
			name = Release;
		};
		A595C58421A594FF009AFFB9 /* Debug */ = {
			isa = XCBuildConfiguration;
			buildSettings = {
				ASSETCATALOG_COMPILER_APPICON_NAME = AppIcon;
				CODE_SIGN_ENTITLEMENTS = CoreDataManager/CoreDataManager.entitlements;
				CODE_SIGN_STYLE = Automatic;
				DEVELOPMENT_TEAM = V73QP9H7KX;
				INFOPLIST_FILE = "$(SRCROOT)/App/Info.plist";
				LD_RUNPATH_SEARCH_PATHS = (
					"$(inherited)",
					"@executable_path/Frameworks",
				);
				PRODUCT_BUNDLE_IDENTIFIER = sblinov.com.CoreDataMnager;
				PRODUCT_NAME = "$(TARGET_NAME)";
				SWIFT_VERSION = 4.2;
				TARGETED_DEVICE_FAMILY = "1,2";
			};
			name = Debug;
		};
		A595C58521A594FF009AFFB9 /* Release */ = {
			isa = XCBuildConfiguration;
			buildSettings = {
				ASSETCATALOG_COMPILER_APPICON_NAME = AppIcon;
				CODE_SIGN_ENTITLEMENTS = CoreDataManager/CoreDataManager.entitlements;
				CODE_SIGN_STYLE = Automatic;
				DEVELOPMENT_TEAM = V73QP9H7KX;
				INFOPLIST_FILE = "$(SRCROOT)/App/Info.plist";
				LD_RUNPATH_SEARCH_PATHS = (
					"$(inherited)",
					"@executable_path/Frameworks",
				);
				PRODUCT_BUNDLE_IDENTIFIER = sblinov.com.CoreDataMnager;
				PRODUCT_NAME = "$(TARGET_NAME)";
				SWIFT_VERSION = 4.2;
				TARGETED_DEVICE_FAMILY = "1,2";
			};
			name = Release;
		};
/* End XCBuildConfiguration section */

/* Begin XCConfigurationList section */
		A595C56921A594FE009AFFB9 /* Build configuration list for PBXProject "CoreDataManager" */ = {
			isa = XCConfigurationList;
			buildConfigurations = (
				A595C58121A594FF009AFFB9 /* Debug */,
				A595C58221A594FF009AFFB9 /* Release */,
			);
			defaultConfigurationIsVisible = 0;
			defaultConfigurationName = Release;
		};
		A595C58321A594FF009AFFB9 /* Build configuration list for PBXNativeTarget "CoreDataManager" */ = {
			isa = XCConfigurationList;
			buildConfigurations = (
				A595C58421A594FF009AFFB9 /* Debug */,
				A595C58521A594FF009AFFB9 /* Release */,
			);
			defaultConfigurationIsVisible = 0;
			defaultConfigurationName = Release;
		};
/* End XCConfigurationList section */

/* Begin XCVersionGroup section */
		A595C5AB21A59BF0009AFFB9 /* CoreDataModel.xcdatamodeld */ = {
			isa = XCVersionGroup;
			children = (
				A53B67C421A852F800BEFED8 /* CoreDataModelV2.xcdatamodel */,
				A595C5AC21A59BF0009AFFB9 /* CoreDataModel.xcdatamodel */,
			);
			currentVersion = A53B67C421A852F800BEFED8 /* CoreDataModelV2.xcdatamodel */;
			path = CoreDataModel.xcdatamodeld;
			sourceTree = "<group>";
			usesTabs = 0;
			versionGroupType = wrapper.xcdatamodel;
		};
/* End XCVersionGroup section */
	};
	rootObject = A595C56621A594FE009AFFB9 /* Project object */;
}
